// !$*UTF8*$!
{
	archiveVersion = 1;
	classes = {
	};
	objectVersion = 46;
	objects = {

/* Begin PBXBuildFile section */
		ED9BA8F31B74C8E2006BD5E6 /* AppDelegate.swift in Sources */ = {isa = PBXBuildFile; fileRef = ED9BA8F21B74C8E2006BD5E6 /* AppDelegate.swift */; };
		ED9BA8F51B74C8E2006BD5E6 /* ViewController.swift in Sources */ = {isa = PBXBuildFile; fileRef = ED9BA8F41B74C8E2006BD5E6 /* ViewController.swift */; };
		ED9BA8F81B74C8E2006BD5E6 /* Main.storyboard in Resources */ = {isa = PBXBuildFile; fileRef = ED9BA8F61B74C8E2006BD5E6 /* Main.storyboard */; };
		ED9BA8FA1B74C8E2006BD5E6 /* Assets.xcassets in Resources */ = {isa = PBXBuildFile; fileRef = ED9BA8F91B74C8E2006BD5E6 /* Assets.xcassets */; };
		ED9BA8FD1B74C8E2006BD5E6 /* LaunchScreen.storyboard in Resources */ = {isa = PBXBuildFile; fileRef = ED9BA8FB1B74C8E2006BD5E6 /* LaunchScreen.storyboard */; };
/* End PBXBuildFile section */

/* Begin PBXFileReference section */
		ED9BA8EF1B74C8E2006BD5E6 /* ScrollViewDemo.app */ = {isa = PBXFileReference; explicitFileType = wrapper.application; includeInIndex = 0; path = ScrollViewDemo.app; sourceTree = BUILT_PRODUCTS_DIR; };
		ED9BA8F21B74C8E2006BD5E6 /* AppDelegate.swift */ = {isa = PBXFileReference; lastKnownFileType = sourcecode.swift; path = AppDelegate.swift; sourceTree = "<group>"; };
		ED9BA8F41B74C8E2006BD5E6 /* ViewController.swift */ = {isa = PBXFileReference; lastKnownFileType = sourcecode.swift; path = ViewController.swift; sourceTree = "<group>"; };
		ED9BA8F71B74C8E2006BD5E6 /* Base */ = {isa = PBXFileReference; lastKnownFileType = file.storyboard; name = Base; path = Base.lproj/Main.storyboard; sourceTree = "<group>"; };
		ED9BA8F91B74C8E2006BD5E6 /* Assets.xcassets */ = {isa = PBXFileReference; lastKnownFileType = folder.assetcatalog; path = Assets.xcassets; sourceTree = "<group>"; };
		ED9BA8FC1B74C8E2006BD5E6 /* Base */ = {isa = PBXFileReference; lastKnownFileType = file.storyboard; name = Base; path = Base.lproj/LaunchScreen.storyboard; sourceTree = "<group>"; };
		ED9BA8FE1B74C8E2006BD5E6 /* Info.plist */ = {isa = PBXFileReference; lastKnownFileType = text.plist.xml; path = Info.plist; sourceTree = "<group>"; };
/* End PBXFileReference section */

/* Begin PBXFrameworksBuildPhase section */
		ED9BA8EC1B74C8E2006BD5E6 /* Frameworks */ = {
			isa = PBXFrameworksBuildPhase;
			buildActionMask = 2147483647;
			files = (
			);
			runOnlyForDeploymentPostprocessing = 0;
		};
/* End PBXFrameworksBuildPhase section */

/* Begin PBXGroup section */
		ED9BA8E61B74C8E2006BD5E6 = {
			isa = PBXGroup;
			children = (
				ED9BA8F11B74C8E2006BD5E6 /* ScrollViewDemo */,
				ED9BA8F01B74C8E2006BD5E6 /* Products */,
			);
			sourceTree = "<group>";
		};
		ED9BA8F01B74C8E2006BD5E6 /* Products */ = {
			isa = PBXGroup;
			children = (
				ED9BA8EF1B74C8E2006BD5E6 /* ScrollViewDemo.app */,
			);
			name = Products;
			sourceTree = "<group>";
		};
		ED9BA8F11B74C8E2006BD5E6 /* ScrollViewDemo */ = {
			isa = PBXGroup;
			children = (
				ED9BA8F21B74C8E2006BD5E6 /* AppDelegate.swift */,
				ED9BA8F41B74C8E2006BD5E6 /* ViewController.swift */,
				ED9BA8F61B74C8E2006BD5E6 /* Main.storyboard */,
				ED9BA8F91B74C8E2006BD5E6 /* Assets.xcassets */,
				ED9BA8FB1B74C8E2006BD5E6 /* LaunchScreen.storyboard */,
				ED9BA8FE1B74C8E2006BD5E6 /* Info.plist */,
			);
			path = ScrollViewDemo;
			sourceTree = "<group>";
		};
/* End PBXGroup section */

/* Begin PBXNativeTarget section */
		ED9BA8EE1B74C8E2006BD5E6 /* ScrollViewDemo */ = {
			isa = PBXNativeTarget;
			buildConfigurationList = ED9BA9011B74C8E2006BD5E6 /* Build configuration list for PBXNativeTarget "ScrollViewDemo" */;
			buildPhases = (
				ED9BA8EB1B74C8E2006BD5E6 /* Sources */,
				ED9BA8EC1B74C8E2006BD5E6 /* Frameworks */,
				ED9BA8ED1B74C8E2006BD5E6 /* Resources */,
			);
			buildRules = (
			);
			dependencies = (
			);
			name = ScrollViewDemo;
			productName = ScrollViewDemo;
			productReference = ED9BA8EF1B74C8E2006BD5E6 /* ScrollViewDemo.app */;
			productType = "com.apple.product-type.application";
		};
/* End PBXNativeTarget section */

/* Begin PBXProject section */
		ED9BA8E71B74C8E2006BD5E6 /* Project object */ = {
			isa = PBXProject;
			attributes = {
				LastUpgradeCheck = 0700;
				ORGANIZATIONNAME = "Koji Murata";
				TargetAttributes = {
					ED9BA8EE1B74C8E2006BD5E6 = {
						CreatedOnToolsVersion = 7.0;
					};
				};
			};
			buildConfigurationList = ED9BA8EA1B74C8E2006BD5E6 /* Build configuration list for PBXProject "ScrollViewDemo" */;
			compatibilityVersion = "Xcode 3.2";
			developmentRegion = English;
			hasScannedForEncodings = 0;
			knownRegions = (
				en,
				Base,
			);
			mainGroup = ED9BA8E61B74C8E2006BD5E6;
			productRefGroup = ED9BA8F01B74C8E2006BD5E6 /* Products */;
			projectDirPath = "";
			projectRoot = "";
			targets = (
				ED9BA8EE1B74C8E2006BD5E6 /* ScrollViewDemo */,
			);
		};
/* End PBXProject section */

/* Begin PBXResourcesBuildPhase section */
		ED9BA8ED1B74C8E2006BD5E6 /* Resources */ = {
			isa = PBXResourcesBuildPhase;
			buildActionMask = 2147483647;
			files = (
				ED9BA8FD1B74C8E2006BD5E6 /* LaunchScreen.storyboard in Resources */,
				ED9BA8FA1B74C8E2006BD5E6 /* Assets.xcassets in Resources */,
				ED9BA8F81B74C8E2006BD5E6 /* Main.storyboard in Resources */,
			);
			runOnlyForDeploymentPostprocessing = 0;
		};
/* End PBXResourcesBuildPhase section */

/* Begin PBXSourcesBuildPhase section */
		ED9BA8EB1B74C8E2006BD5E6 /* Sources */ = {
			isa = PBXSourcesBuildPhase;
			buildActionMask = 2147483647;
			files = (
				ED9BA8F51B74C8E2006BD5E6 /* ViewController.swift in Sources */,
				ED9BA8F31B74C8E2006BD5E6 /* AppDelegate.swift in Sources */,
			);
			runOnlyForDeploymentPostprocessing = 0;
		};
/* End PBXSourcesBuildPhase section */

/* Begin PBXVariantGroup section */
		ED9BA8F61B74C8E2006BD5E6 /* Main.storyboard */ = {
			isa = PBXVariantGroup;
			children = (
				ED9BA8F71B74C8E2006BD5E6 /* Base */,
			);
			name = Main.storyboard;
			sourceTree = "<group>";
		};
		ED9BA8FB1B74C8E2006BD5E6 /* LaunchScreen.storyboard */ = {
			isa = PBXVariantGroup;
			children = (
				ED9BA8FC1B74C8E2006BD5E6 /* Base */,
			);
			name = LaunchScreen.storyboard;
			sourceTree = "<group>";
		};
/* End PBXVariantGroup section */

/* Begin XCBuildConfiguration section */
		ED9BA8FF1B74C8E2006BD5E6 /* Debug */ = {
			isa = XCBuildConfiguration;
			buildSettings = {
				ALWAYS_SEARCH_USER_PATHS = NO;
				CLANG_CXX_LANGUAGE_STANDARD = "gnu++0x";
				CLANG_CXX_LIBRARY = "libc++";
				CLANG_ENABLE_MODULES = YES;
				CLANG_ENABLE_OBJC_ARC = YES;
				CLANG_WARN_BOOL_CONVERSION = YES;
				CLANG_WARN_CONSTANT_CONVERSION = YES;
				CLANG_WARN_DIRECT_OBJC_ISA_USAGE = YES_ERROR;
				CLANG_WARN_EMPTY_BODY = YES;
				CLANG_WARN_ENUM_CONVERSION = YES;
				CLANG_WARN_INT_CONVERSION = YES;
				CLANG_WARN_OBJC_ROOT_CLASS = YES_ERROR;
				CLANG_WARN_UNREACHABLE_CODE = YES;
				CLANG_WARN__DUPLICATE_METHOD_MATCH = YES;
				"CODE_SIGN_IDENTITY[sdk=iphoneos*]" = "iPhone Developer";
				COPY_PHASE_STRIP = NO;
				DEBUG_INFORMATION_FORMAT = dwarf;
				ENABLE_STRICT_OBJC_MSGSEND = YES;
				ENABLE_TESTABILITY = YES;
				GCC_C_LANGUAGE_STANDARD = gnu99;
				GCC_DYNAMIC_NO_PIC = NO;
				GCC_NO_COMMON_BLOCKS = YES;
				GCC_OPTIMIZATION_LEVEL = 0;
				GCC_PREPROCESSOR_DEFINITIONS = (
					"DEBUG=1",
					"$(inherited)",
				);
				GCC_WARN_64_TO_32_BIT_CONVERSION = YES;
				GCC_WARN_ABOUT_RETURN_TYPE = YES_ERROR;
				GCC_WARN_UNDECLARED_SELECTOR = YES;
				GCC_WARN_UNINITIALIZED_AUTOS = YES_AGGRESSIVE;
				GCC_WARN_UNUSED_FUNCTION = YES;
				GCC_WARN_UNUSED_VARIABLE = YES;
				IPHONEOS_DEPLOYMENT_TARGET = 9.0;
				MTL_ENABLE_DEBUG_INFO = YES;
				ONLY_ACTIVE_ARCH = YES;
				SDKROOT = iphoneos;
				SWIFT_OPTIMIZATION_LEVEL = "-Onone";
				TARGETED_DEVICE_FAMILY = "1,2";
			};
			name = Debug;
		};
		ED9BA9001B74C8E2006BD5E6 /* Release */ = {
			isa = XCBuildConfiguration;
			buildSettings = {
				ALWAYS_SEARCH_USER_PATHS = NO;
				CLANG_CXX_LANGUAGE_STANDARD = "gnu++0x";
				CLANG_CXX_LIBRARY = "libc++";
				CLANG_ENABLE_MODULES = YES;
				CLANG_ENABLE_OBJC_ARC = YES;
				CLANG_WARN_BOOL_CONVERSION = YES;
				CLANG_WARN_CONSTANT_CONVERSION = YES;
				CLANG_WARN_DIRECT_OBJC_ISA_USAGE = YES_ERROR;
				CLANG_WARN_EMPTY_BODY = YES;
				CLANG_WARN_ENUM_CONVERSION = YES;
				CLANG_WARN_INT_CONVERSION = YES;
				CLANG_WARN_OBJC_ROOT_CLASS = YES_ERROR;
				CLANG_WARN_UNREACHABLE_CODE = YES;
				CLANG_WARN__DUPLICATE_METHOD_MATCH = YES;
				"CODE_SIGN_IDENTITY[sdk=iphoneos*]" = "iPhone Developer";
				COPY_PHASE_STRIP = NO;
				DEBUG_INFORMATION_FORMAT = "dwarf-with-dsym";
				ENABLE_NS_ASSERTIONS = NO;
				ENABLE_STRICT_OBJC_MSGSEND = YES;
				GCC_C_LANGUAGE_STANDARD = gnu99;
				GCC_NO_COMMON_BLOCKS = YES;
				GCC_WARN_64_TO_32_BIT_CONVERSION = YES;
				GCC_WARN_ABOUT_RETURN_TYPE = YES_ERROR;
				GCC_WARN_UNDECLARED_SELECTOR = YES;
				GCC_WARN_UNINITIALIZED_AUTOS = YES_AGGRESSIVE;
				GCC_WARN_UNUSED_FUNCTION = YES;
				GCC_WARN_UNUSED_VARIABLE = YES;
				IPHONEOS_DEPLOYMENT_TARGET = 9.0;
				MTL_ENABLE_DEBUG_INFO = NO;
				SDKROOT = iphoneos;
				TARGETED_DEVICE_FAMILY = "1,2";
				VALIDATE_PRODUCT = YES;
			};
			name = Release;
		};
		ED9BA9021B74C8E2006BD5E6 /* Debug */ = {
			isa = XCBuildConfiguration;
			buildSettings = {
				ASSETCATALOG_COMPILER_APPICON_NAME = AppIcon;
				INFOPLIST_FILE = ScrollViewDemo/Info.plist;
				LD_RUNPATH_SEARCH_PATHS = "$(inherited) @executable_path/Frameworks";
				PRODUCT_BUNDLE_IDENTIFIER = koji.ScrollViewDemo;
				PRODUCT_NAME = "$(TARGET_NAME)";
			};
			name = Debug;
		};
		ED9BA9031B74C8E2006BD5E6 /* Release */ = {
			isa = XCBuildConfiguration;
			buildSettings = {
				ASSETCATALOG_COMPILER_APPICON_NAME = AppIcon;
				INFOPLIST_FILE = ScrollViewDemo/Info.plist;
				LD_RUNPATH_SEARCH_PATHS = "$(inherited) @executable_path/Frameworks";
				PRODUCT_BUNDLE_IDENTIFIER = koji.ScrollViewDemo;
				PRODUCT_NAME = "$(TARGET_NAME)";
			};
			name = Release;
		};
/* End XCBuildConfiguration section */

/* Begin XCConfigurationList section */
		ED9BA8EA1B74C8E2006BD5E6 /* Build configuration list for PBXProject "ScrollViewDemo" */ = {
			isa = XCConfigurationList;
			buildConfigurations = (
				ED9BA8FF1B74C8E2006BD5E6 /* Debug */,
				ED9BA9001B74C8E2006BD5E6 /* Release */,
			);
			defaultConfigurationIsVisible = 0;
			defaultConfigurationName = Release;
		};
		ED9BA9011B74C8E2006BD5E6 /* Build configuration list for PBXNativeTarget "ScrollViewDemo" */ = {
			isa = XCConfigurationList;
			buildConfigurations = (
				ED9BA9021B74C8E2006BD5E6 /* Debug */,
				ED9BA9031B74C8E2006BD5E6 /* Release */,
			);
			defaultConfigurationIsVisible = 0;
		};
/* End XCConfigurationList section */
	};
	rootObject = ED9BA8E71B74C8E2006BD5E6 /* Project object */;
}
